
Microsoft Visual Studio Solution File, Format Version 12.00
# Visual Studio Version 17
VisualStudioVersion = 17.0.31903.59
MinimumVisualStudioVersion = 10.0.40219.1
Project("{2150E333-8FDC-42A3-9474-1A3956D46DE8}") = "src", "src", "{468973BE-6F52-4834-85C9-4514D81CBC9E}"
EndProject
Project("{FAE04EC0-301F-11D3-BF4B-00C04F79EFBC}") = "LegacyDataAccess.Core", "src\LegacyDataAccess.Core\LegacyDataAccess.Core.csproj", "{1E977DFA-6C78-4B27-BD06-368E0707852B}"
EndProject
Project("{FAE04EC0-301F-11D3-BF4B-00C04F79EFBC}") = "LegacyDataAccess.Dapper", "src\LegacyDataAccess.Dapper\LegacyDataAccess.Dapper.csproj", "{99F76A50-6B61-4F75-BEFB-AD2B58D7C59C}"
EndProject
Project("{FAE04EC0-301F-11D3-BF4B-00C04F79EFBC}") = "LegacyDataAccess.API", "src\LegacyDataAccess.API\LegacyDataAccess.API.csproj", "{2A3B7EBC-3CD9-42DC-98DA-7C90AA8B8033}"
EndProject
Global
	GlobalSection(SolutionConfigurationPlatforms) = preSolution
		Debug|Any CPU = Debug|Any CPU
		Release|Any CPU = Release|Any CPU
	EndGlobalSection
	GlobalSection(SolutionProperties) = preSolution
		HideSolutionNode = FALSE
	EndGlobalSection
	GlobalSection(ProjectConfigurationPlatforms) = postSolution
		{1E977DFA-6C78-4B27-BD06-368E0707852B}.Debug|Any CPU.ActiveCfg = Debug|Any CPU
		{1E977DFA-6C78-4B27-BD06-368E0707852B}.Debug|Any CPU.Build.0 = Debug|Any CPU
		{1E977DFA-6C78-4B27-BD06-368E0707852B}.Release|Any CPU.ActiveCfg = Release|Any CPU
		{1E977DFA-6C78-4B27-BD06-368E0707852B}.Release|Any CPU.Build.0 = Release|Any CPU
		{99F76A50-6B61-4F75-BEFB-AD2B58D7C59C}.Debug|Any CPU.ActiveCfg = Debug|Any CPU
		{99F76A50-6B61-4F75-BEFB-AD2B58D7C59C}.Debug|Any CPU.Build.0 = Debug|Any CPU
		{99F76A50-6B61-4F75-BEFB-AD2B58D7C59C}.Release|Any CPU.ActiveCfg = Release|Any CPU
		{99F76A50-6B61-4F75-BEFB-AD2B58D7C59C}.Release|Any CPU.Build.0 = Release|Any CPU
		{2A3B7EBC-3CD9-42DC-98DA-7C90AA8B8033}.Debug|Any CPU.ActiveCfg = Debug|Any CPU
		{2A3B7EBC-3CD9-42DC-98DA-7C90AA8B8033}.Debug|Any CPU.Build.0 = Debug|Any CPU
		{2A3B7EBC-3CD9-42DC-98DA-7C90AA8B8033}.Release|Any CPU.ActiveCfg = Release|Any CPU
		{2A3B7EBC-3CD9-42DC-98DA-7C90AA8B8033}.Release|Any CPU.Build.0 = Release|Any CPU
	EndGlobalSection
	GlobalSection(NestedProjects) = preSolution
		{1E977DFA-6C78-4B27-BD06-368E0707852B} = {468973BE-6F52-4834-85C9-4514D81CBC9E}
		{99F76A50-6B61-4F75-BEFB-AD2B58D7C59C} = {468973BE-6F52-4834-85C9-4514D81CBC9E}
		{2A3B7EBC-3CD9-42DC-98DA-7C90AA8B8033} = {468973BE-6F52-4834-85C9-4514D81CBC9E}
	EndGlobalSection
EndGlobal
